// !$*UTF8*$!
{
	archiveVersion = 1;
	classes = {
	};
	objectVersion = 56;
	objects = {

/* Begin PBXBuildFile section */
		A303BA122A3FC5C6006A2B3E /* icu001App.swift in Sources */ = {isa = PBXBuildFile; fileRef = A303BA112A3FC5C6006A2B3E /* icu001App.swift */; };
		A303BA142A3FC5C6006A2B3E /* MeetingView.swift in Sources */ = {isa = PBXBuildFile; fileRef = A303BA132A3FC5C6006A2B3E /* MeetingView.swift */; };
		A303BA162A3FC5C8006A2B3E /* Assets.xcassets in Resources */ = {isa = PBXBuildFile; fileRef = A303BA152A3FC5C8006A2B3E /* Assets.xcassets */; };
		A303BA192A3FC5C8006A2B3E /* Preview Assets.xcassets in Resources */ = {isa = PBXBuildFile; fileRef = A303BA182A3FC5C8006A2B3E /* Preview Assets.xcassets */; };
		A30FB13D2A43647600F440CA /* Theme.swift in Sources */ = {isa = PBXBuildFile; fileRef = A30FB13C2A43647600F440CA /* Theme.swift */; };
		A30FB13F2A43699000F440CA /* DailyScrum.swift in Sources */ = {isa = PBXBuildFile; fileRef = A30FB13E2A43699000F440CA /* DailyScrum.swift */; };
		A30FB1432A436A0A00F440CA /* CardView.swift in Sources */ = {isa = PBXBuildFile; fileRef = A30FB1422A436A0A00F440CA /* CardView.swift */; };
		A30FB1452A436FC900F440CA /* TrailingIconLabelStyle.swift in Sources */ = {isa = PBXBuildFile; fileRef = A30FB1442A436FC900F440CA /* TrailingIconLabelStyle.swift */; };
		A30FB1472A43760C00F440CA /* ScrumsView.swift in Sources */ = {isa = PBXBuildFile; fileRef = A30FB1462A43760C00F440CA /* ScrumsView.swift */; };
		A30FB1492A4389B400F440CA /* DetailView.swift in Sources */ = {isa = PBXBuildFile; fileRef = A30FB1482A4389B400F440CA /* DetailView.swift */; };
		A30FB14B2A43903100F440CA /* DetailEditView.swift in Sources */ = {isa = PBXBuildFile; fileRef = A30FB14A2A43903100F440CA /* DetailEditView.swift */; };
		A30FB14D2A4397F300F440CA /* ThemeView.swift in Sources */ = {isa = PBXBuildFile; fileRef = A30FB14C2A4397F300F440CA /* ThemeView.swift */; };
		A30FB14F2A43988400F440CA /* ThemePicker.swift in Sources */ = {isa = PBXBuildFile; fileRef = A30FB14E2A43988400F440CA /* ThemePicker.swift */; };
		A30FB1512A43A4DD00F440CA /* MeetingHeaderView.swift in Sources */ = {isa = PBXBuildFile; fileRef = A30FB1502A43A4DD00F440CA /* MeetingHeaderView.swift */; };
		A30FB1532A43A5E400F440CA /* ScrumProgressViewStyle.swift in Sources */ = {isa = PBXBuildFile; fileRef = A30FB1522A43A5E400F440CA /* ScrumProgressViewStyle.swift */; };
		A30FB1552A43A8B100F440CA /* ScrumTimer.swift in Sources */ = {isa = PBXBuildFile; fileRef = A30FB1542A43A8B100F440CA /* ScrumTimer.swift */; };
		A30FB1572A43AA1600F440CA /* MeetingFooterView.swift in Sources */ = {isa = PBXBuildFile; fileRef = A30FB1562A43AA1600F440CA /* MeetingFooterView.swift */; };
		A30FB1592A43BCC000F440CA /* AVPlayer+Ding.swift in Sources */ = {isa = PBXBuildFile; fileRef = A30FB1582A43BCC000F440CA /* AVPlayer+Ding.swift */; };
		A30FB15C2A43BCEF00F440CA /* ding.wav in Resources */ = {isa = PBXBuildFile; fileRef = A30FB15B2A43BCEF00F440CA /* ding.wav */; };
		A384B6AB2A4E59FD00C5337C /* NewScrumSheet.swift in Sources */ = {isa = PBXBuildFile; fileRef = A384B6AA2A4E59FD00C5337C /* NewScrumSheet.swift */; };
		A384B6AD2A4F480700C5337C /* History.swift in Sources */ = {isa = PBXBuildFile; fileRef = A384B6AC2A4F480700C5337C /* History.swift */; };
		A384B6AF2A4F4E3200C5337C /* ScrumStore.swift in Sources */ = {isa = PBXBuildFile; fileRef = A384B6AE2A4F4E3200C5337C /* ScrumStore.swift */; };
		A384B6B12A50BF5E00C5337C /* ErrorWrapper.swift in Sources */ = {isa = PBXBuildFile; fileRef = A384B6B02A50BF5E00C5337C /* ErrorWrapper.swift */; };
		A384B6B32A50BFE900C5337C /* ErrorView.swift in Sources */ = {isa = PBXBuildFile; fileRef = A384B6B22A50BFE900C5337C /* ErrorView.swift */; };
		A384B6B52A50CD6B00C5337C /* MeetingTimerView.swift in Sources */ = {isa = PBXBuildFile; fileRef = A384B6B42A50CD6B00C5337C /* MeetingTimerView.swift */; };
		A384B6B72A50CDFF00C5337C /* SpeakerArc.swift in Sources */ = {isa = PBXBuildFile; fileRef = A384B6B62A50CDFF00C5337C /* SpeakerArc.swift */; };
		A384B6B92A50F3EE00C5337C /* SpeechRecognizer.swift in Sources */ = {isa = PBXBuildFile; fileRef = A384B6B82A50F3EE00C5337C /* SpeechRecognizer.swift */; };
		A384B6BB2A50F7FA00C5337C /* HistoryView.swift in Sources */ = {isa = PBXBuildFile; fileRef = A384B6BA2A50F7FA00C5337C /* HistoryView.swift */; };
/* End PBXBuildFile section */

/* Begin PBXFileReference section */
		A303BA0E2A3FC5C6006A2B3E /* icu001.app */ = {isa = PBXFileReference; explicitFileType = wrapper.application; includeInIndex = 0; path = icu001.app; sourceTree = BUILT_PRODUCTS_DIR; };
		A303BA112A3FC5C6006A2B3E /* icu001App.swift */ = {isa = PBXFileReference; lastKnownFileType = sourcecode.swift; path = icu001App.swift; sourceTree = "<group>"; };
		A303BA132A3FC5C6006A2B3E /* MeetingView.swift */ = {isa = PBXFileReference; lastKnownFileType = sourcecode.swift; path = MeetingView.swift; sourceTree = "<group>"; };
		A303BA152A3FC5C8006A2B3E /* Assets.xcassets */ = {isa = PBXFileReference; lastKnownFileType = folder.assetcatalog; path = Assets.xcassets; sourceTree = "<group>"; };
		A303BA182A3FC5C8006A2B3E /* Preview Assets.xcassets */ = {isa = PBXFileReference; lastKnownFileType = folder.assetcatalog; path = "Preview Assets.xcassets"; sourceTree = "<group>"; };
		A30FB13C2A43647600F440CA /* Theme.swift */ = {isa = PBXFileReference; lastKnownFileType = sourcecode.swift; path = Theme.swift; sourceTree = "<group>"; };
		A30FB13E2A43699000F440CA /* DailyScrum.swift */ = {isa = PBXFileReference; lastKnownFileType = sourcecode.swift; path = DailyScrum.swift; sourceTree = "<group>"; };
		A30FB1422A436A0A00F440CA /* CardView.swift */ = {isa = PBXFileReference; lastKnownFileType = sourcecode.swift; path = CardView.swift; sourceTree = "<group>"; };
		A30FB1442A436FC900F440CA /* TrailingIconLabelStyle.swift */ = {isa = PBXFileReference; lastKnownFileType = sourcecode.swift; path = TrailingIconLabelStyle.swift; sourceTree = "<group>"; };
		A30FB1462A43760C00F440CA /* ScrumsView.swift */ = {isa = PBXFileReference; lastKnownFileType = sourcecode.swift; path = ScrumsView.swift; sourceTree = "<group>"; };
		A30FB1482A4389B400F440CA /* DetailView.swift */ = {isa = PBXFileReference; lastKnownFileType = sourcecode.swift; path = DetailView.swift; sourceTree = "<group>"; };
		A30FB14A2A43903100F440CA /* DetailEditView.swift */ = {isa = PBXFileReference; lastKnownFileType = sourcecode.swift; path = DetailEditView.swift; sourceTree = "<group>"; };
		A30FB14C2A4397F300F440CA /* ThemeView.swift */ = {isa = PBXFileReference; lastKnownFileType = sourcecode.swift; path = ThemeView.swift; sourceTree = "<group>"; };
		A30FB14E2A43988400F440CA /* ThemePicker.swift */ = {isa = PBXFileReference; lastKnownFileType = sourcecode.swift; path = ThemePicker.swift; sourceTree = "<group>"; };
		A30FB1502A43A4DD00F440CA /* MeetingHeaderView.swift */ = {isa = PBXFileReference; lastKnownFileType = sourcecode.swift; path = MeetingHeaderView.swift; sourceTree = "<group>"; };
		A30FB1522A43A5E400F440CA /* ScrumProgressViewStyle.swift */ = {isa = PBXFileReference; fileEncoding = 4; lastKnownFileType = sourcecode.swift; path = ScrumProgressViewStyle.swift; sourceTree = "<group>"; };
		A30FB1542A43A8B100F440CA /* ScrumTimer.swift */ = {isa = PBXFileReference; fileEncoding = 4; lastKnownFileType = sourcecode.swift; path = ScrumTimer.swift; sourceTree = "<group>"; };
		A30FB1562A43AA1600F440CA /* MeetingFooterView.swift */ = {isa = PBXFileReference; lastKnownFileType = sourcecode.swift; path = MeetingFooterView.swift; sourceTree = "<group>"; };
		A30FB1582A43BCC000F440CA /* AVPlayer+Ding.swift */ = {isa = PBXFileReference; fileEncoding = 4; lastKnownFileType = sourcecode.swift; path = "AVPlayer+Ding.swift"; sourceTree = "<group>"; };
		A30FB15B2A43BCEF00F440CA /* ding.wav */ = {isa = PBXFileReference; lastKnownFileType = audio.wav; path = ding.wav; sourceTree = "<group>"; };
		A384B6AA2A4E59FD00C5337C /* NewScrumSheet.swift */ = {isa = PBXFileReference; lastKnownFileType = sourcecode.swift; path = NewScrumSheet.swift; sourceTree = "<group>"; };
		A384B6AC2A4F480700C5337C /* History.swift */ = {isa = PBXFileReference; lastKnownFileType = sourcecode.swift; path = History.swift; sourceTree = "<group>"; };
		A384B6AE2A4F4E3200C5337C /* ScrumStore.swift */ = {isa = PBXFileReference; lastKnownFileType = sourcecode.swift; path = ScrumStore.swift; sourceTree = "<group>"; };
		A384B6B02A50BF5E00C5337C /* ErrorWrapper.swift */ = {isa = PBXFileReference; lastKnownFileType = sourcecode.swift; path = ErrorWrapper.swift; sourceTree = "<group>"; };
		A384B6B22A50BFE900C5337C /* ErrorView.swift */ = {isa = PBXFileReference; lastKnownFileType = sourcecode.swift; path = ErrorView.swift; sourceTree = "<group>"; };
		A384B6B42A50CD6B00C5337C /* MeetingTimerView.swift */ = {isa = PBXFileReference; lastKnownFileType = sourcecode.swift; path = MeetingTimerView.swift; sourceTree = "<group>"; };
		A384B6B62A50CDFF00C5337C /* SpeakerArc.swift */ = {isa = PBXFileReference; lastKnownFileType = sourcecode.swift; path = SpeakerArc.swift; sourceTree = "<group>"; };
		A384B6B82A50F3EE00C5337C /* SpeechRecognizer.swift */ = {isa = PBXFileReference; lastKnownFileType = sourcecode.swift; path = SpeechRecognizer.swift; sourceTree = "<group>"; };
		A384B6BA2A50F7FA00C5337C /* HistoryView.swift */ = {isa = PBXFileReference; lastKnownFileType = sourcecode.swift; path = HistoryView.swift; sourceTree = "<group>"; };
/* End PBXFileReference section */

/* Begin PBXFrameworksBuildPhase section */
		A303BA0B2A3FC5C6006A2B3E /* Frameworks */ = {
			isa = PBXFrameworksBuildPhase;
			buildActionMask = 2147483647;
			files = (
			);
			runOnlyForDeploymentPostprocessing = 0;
		};
/* End PBXFrameworksBuildPhase section */

/* Begin PBXGroup section */
		A303BA052A3FC5C6006A2B3E = {
			isa = PBXGroup;
			children = (
				A303BA102A3FC5C6006A2B3E /* icu001 */,
				A303BA0F2A3FC5C6006A2B3E /* Products */,
			);
			sourceTree = "<group>";
		};
		A303BA0F2A3FC5C6006A2B3E /* Products */ = {
			isa = PBXGroup;
			children = (
				A303BA0E2A3FC5C6006A2B3E /* icu001.app */,
			);
			name = Products;
			sourceTree = "<group>";
		};
		A303BA102A3FC5C6006A2B3E /* icu001 */ = {
			isa = PBXGroup;
			children = (
				A30FB13B2A43644F00F440CA /* Models */,
				A303BA112A3FC5C6006A2B3E /* icu001App.swift */,
				A384B6B42A50CD6B00C5337C /* MeetingTimerView.swift */,
				A384B6B22A50BFE900C5337C /* ErrorView.swift */,
				A303BA132A3FC5C6006A2B3E /* MeetingView.swift */,
				A384B6BA2A50F7FA00C5337C /* HistoryView.swift */,
				A30FB1422A436A0A00F440CA /* CardView.swift */,
				A30FB1562A43AA1600F440CA /* MeetingFooterView.swift */,
				A384B6AE2A4F4E3200C5337C /* ScrumStore.swift */,
				A30FB1462A43760C00F440CA /* ScrumsView.swift */,
				A384B6AA2A4E59FD00C5337C /* NewScrumSheet.swift */,
				A30FB14A2A43903100F440CA /* DetailEditView.swift */,
				A30FB1502A43A4DD00F440CA /* MeetingHeaderView.swift */,
				A30FB1482A4389B400F440CA /* DetailView.swift */,
				A30FB14C2A4397F300F440CA /* ThemeView.swift */,
				A30FB1522A43A5E400F440CA /* ScrumProgressViewStyle.swift */,
				A30FB14E2A43988400F440CA /* ThemePicker.swift */,
				A30FB1442A436FC900F440CA /* TrailingIconLabelStyle.swift */,
				A303BA152A3FC5C8006A2B3E /* Assets.xcassets */,
				A30FB15A2A43BCEF00F440CA /* Resources */,
				A303BA172A3FC5C8006A2B3E /* Preview Content */,
			);
			path = icu001;
			sourceTree = "<group>";
		};
		A303BA172A3FC5C8006A2B3E /* Preview Content */ = {
			isa = PBXGroup;
			children = (
				A303BA182A3FC5C8006A2B3E /* Preview Assets.xcassets */,
			);
			path = "Preview Content";
			sourceTree = "<group>";
		};
		A30FB13B2A43644F00F440CA /* Models */ = {
			isa = PBXGroup;
			children = (
				A30FB13C2A43647600F440CA /* Theme.swift */,
				A30FB1542A43A8B100F440CA /* ScrumTimer.swift */,
				A384B6B02A50BF5E00C5337C /* ErrorWrapper.swift */,
				A30FB1582A43BCC000F440CA /* AVPlayer+Ding.swift */,
				A30FB13E2A43699000F440CA /* DailyScrum.swift */,
				A384B6B82A50F3EE00C5337C /* SpeechRecognizer.swift */,
				A384B6AC2A4F480700C5337C /* History.swift */,
				A384B6B62A50CDFF00C5337C /* SpeakerArc.swift */,
			);
			path = Models;
			sourceTree = "<group>";
		};
		A30FB15A2A43BCEF00F440CA /* Resources */ = {
			isa = PBXGroup;
			children = (
				A30FB15B2A43BCEF00F440CA /* ding.wav */,
			);
			path = Resources;
			sourceTree = "<group>";
		};
/* End PBXGroup section */

/* Begin PBXNativeTarget section */
		A303BA0D2A3FC5C6006A2B3E /* icu001 */ = {
			isa = PBXNativeTarget;
			buildConfigurationList = A303BA1C2A3FC5C8006A2B3E /* Build configuration list for PBXNativeTarget "icu001" */;
			buildPhases = (
				A303BA0A2A3FC5C6006A2B3E /* Sources */,
				A303BA0B2A3FC5C6006A2B3E /* Frameworks */,
				A303BA0C2A3FC5C6006A2B3E /* Resources */,
			);
			buildRules = (
			);
			dependencies = (
			);
			name = icu001;
			productName = icu001;
			productReference = A303BA0E2A3FC5C6006A2B3E /* icu001.app */;
			productType = "com.apple.product-type.application";
		};
/* End PBXNativeTarget section */

/* Begin PBXProject section */
		A303BA062A3FC5C6006A2B3E /* Project object */ = {
			isa = PBXProject;
			attributes = {
				BuildIndependentTargetsInParallel = 1;
				LastSwiftUpdateCheck = 1430;
				LastUpgradeCheck = 1430;
				TargetAttributes = {
					A303BA0D2A3FC5C6006A2B3E = {
						CreatedOnToolsVersion = 14.3.1;
					};
				};
			};
			buildConfigurationList = A303BA092A3FC5C6006A2B3E /* Build configuration list for PBXProject "icu001" */;
			compatibilityVersion = "Xcode 14.0";
			developmentRegion = en;
			hasScannedForEncodings = 0;
			knownRegions = (
				en,
				Base,
			);
			mainGroup = A303BA052A3FC5C6006A2B3E;
			productRefGroup = A303BA0F2A3FC5C6006A2B3E /* Products */;
			projectDirPath = "";
			projectRoot = "";
			targets = (
				A303BA0D2A3FC5C6006A2B3E /* icu001 */,
			);
		};
/* End PBXProject section */

/* Begin PBXResourcesBuildPhase section */
		A303BA0C2A3FC5C6006A2B3E /* Resources */ = {
			isa = PBXResourcesBuildPhase;
			buildActionMask = 2147483647;
			files = (
				A30FB15C2A43BCEF00F440CA /* ding.wav in Resources */,
				A303BA192A3FC5C8006A2B3E /* Preview Assets.xcassets in Resources */,
				A303BA162A3FC5C8006A2B3E /* Assets.xcassets in Resources */,
			);
			runOnlyForDeploymentPostprocessing = 0;
		};
/* End PBXResourcesBuildPhase section */

/* Begin PBXSourcesBuildPhase section */
		A303BA0A2A3FC5C6006A2B3E /* Sources */ = {
			isa = PBXSourcesBuildPhase;
			buildActionMask = 2147483647;
			files = (
				A384B6AD2A4F480700C5337C /* History.swift in Sources */,
				A30FB14F2A43988400F440CA /* ThemePicker.swift in Sources */,
				A30FB1532A43A5E400F440CA /* ScrumProgressViewStyle.swift in Sources */,
				A30FB1572A43AA1600F440CA /* MeetingFooterView.swift in Sources */,
				A384B6B72A50CDFF00C5337C /* SpeakerArc.swift in Sources */,
				A384B6B32A50BFE900C5337C /* ErrorView.swift in Sources */,
				A30FB1552A43A8B100F440CA /* ScrumTimer.swift in Sources */,
				A384B6BB2A50F7FA00C5337C /* HistoryView.swift in Sources */,
				A384B6B52A50CD6B00C5337C /* MeetingTimerView.swift in Sources */,
				A30FB13F2A43699000F440CA /* DailyScrum.swift in Sources */,
				A384B6AF2A4F4E3200C5337C /* ScrumStore.swift in Sources */,
				A30FB1492A4389B400F440CA /* DetailView.swift in Sources */,
				A384B6B12A50BF5E00C5337C /* ErrorWrapper.swift in Sources */,
				A30FB1512A43A4DD00F440CA /* MeetingHeaderView.swift in Sources */,
				A30FB14B2A43903100F440CA /* DetailEditView.swift in Sources */,
				A384B6AB2A4E59FD00C5337C /* NewScrumSheet.swift in Sources */,
				A30FB1452A436FC900F440CA /* TrailingIconLabelStyle.swift in Sources */,
				A30FB13D2A43647600F440CA /* Theme.swift in Sources */,
				A384B6B92A50F3EE00C5337C /* SpeechRecognizer.swift in Sources */,
				A30FB1472A43760C00F440CA /* ScrumsView.swift in Sources */,
				A303BA142A3FC5C6006A2B3E /* MeetingView.swift in Sources */,
				A303BA122A3FC5C6006A2B3E /* icu001App.swift in Sources */,
				A30FB14D2A4397F300F440CA /* ThemeView.swift in Sources */,
				A30FB1432A436A0A00F440CA /* CardView.swift in Sources */,
				A30FB1592A43BCC000F440CA /* AVPlayer+Ding.swift in Sources */,
			);
			runOnlyForDeploymentPostprocessing = 0;
		};
/* End PBXSourcesBuildPhase section */

/* Begin XCBuildConfiguration section */
		A303BA1A2A3FC5C8006A2B3E /* Debug */ = {
			isa = XCBuildConfiguration;
			buildSettings = {
				ALWAYS_SEARCH_USER_PATHS = NO;
				CLANG_ANALYZER_NONNULL = YES;
				CLANG_ANALYZER_NUMBER_OBJECT_CONVERSION = YES_AGGRESSIVE;
				CLANG_CXX_LANGUAGE_STANDARD = "gnu++20";
				CLANG_ENABLE_MODULES = YES;
				CLANG_ENABLE_OBJC_ARC = YES;
				CLANG_ENABLE_OBJC_WEAK = YES;
				CLANG_WARN_BLOCK_CAPTURE_AUTORELEASING = YES;
				CLANG_WARN_BOOL_CONVERSION = YES;
				CLANG_WARN_COMMA = YES;
				CLANG_WARN_CONSTANT_CONVERSION = YES;
				CLANG_WARN_DEPRECATED_OBJC_IMPLEMENTATIONS = YES;
				CLANG_WARN_DIRECT_OBJC_ISA_USAGE = YES_ERROR;
				CLANG_WARN_DOCUMENTATION_COMMENTS = YES;
				CLANG_WARN_EMPTY_BODY = YES;
				CLANG_WARN_ENUM_CONVERSION = YES;
				CLANG_WARN_INFINITE_RECURSION = YES;
				CLANG_WARN_INT_CONVERSION = YES;
				CLANG_WARN_NON_LITERAL_NULL_CONVERSION = YES;
				CLANG_WARN_OBJC_IMPLICIT_RETAIN_SELF = YES;
				CLANG_WARN_OBJC_LITERAL_CONVERSION = YES;
				CLANG_WARN_OBJC_ROOT_CLASS = YES_ERROR;
				CLANG_WARN_QUOTED_INCLUDE_IN_FRAMEWORK_HEADER = YES;
				CLANG_WARN_RANGE_LOOP_ANALYSIS = YES;
				CLANG_WARN_STRICT_PROTOTYPES = YES;
				CLANG_WARN_SUSPICIOUS_MOVE = YES;
				CLANG_WARN_UNGUARDED_AVAILABILITY = YES_AGGRESSIVE;
				CLANG_WARN_UNREACHABLE_CODE = YES;
				CLANG_WARN__DUPLICATE_METHOD_MATCH = YES;
				COPY_PHASE_STRIP = NO;
				DEBUG_INFORMATION_FORMAT = dwarf;
				ENABLE_STRICT_OBJC_MSGSEND = YES;
				ENABLE_TESTABILITY = YES;
				GCC_C_LANGUAGE_STANDARD = gnu11;
				GCC_DYNAMIC_NO_PIC = NO;
				GCC_NO_COMMON_BLOCKS = YES;
				GCC_OPTIMIZATION_LEVEL = 0;
				GCC_PREPROCESSOR_DEFINITIONS = (
					"DEBUG=1",
					"$(inherited)",
				);
				GCC_WARN_64_TO_32_BIT_CONVERSION = YES;
				GCC_WARN_ABOUT_RETURN_TYPE = YES_ERROR;
				GCC_WARN_UNDECLARED_SELECTOR = YES;
				GCC_WARN_UNINITIALIZED_AUTOS = YES_AGGRESSIVE;
				GCC_WARN_UNUSED_FUNCTION = YES;
				GCC_WARN_UNUSED_VARIABLE = YES;
				IPHONEOS_DEPLOYMENT_TARGET = 16.4;
				MTL_ENABLE_DEBUG_INFO = INCLUDE_SOURCE;
				MTL_FAST_MATH = YES;
				ONLY_ACTIVE_ARCH = YES;
				SDKROOT = iphoneos;
				SWIFT_ACTIVE_COMPILATION_CONDITIONS = DEBUG;
				SWIFT_OPTIMIZATION_LEVEL = "-Onone";
			};
			name = Debug;
		};
		A303BA1B2A3FC5C8006A2B3E /* Release */ = {
			isa = XCBuildConfiguration;
			buildSettings = {
				ALWAYS_SEARCH_USER_PATHS = NO;
				CLANG_ANALYZER_NONNULL = YES;
				CLANG_ANALYZER_NUMBER_OBJECT_CONVERSION = YES_AGGRESSIVE;
				CLANG_CXX_LANGUAGE_STANDARD = "gnu++20";
				CLANG_ENABLE_MODULES = YES;
				CLANG_ENABLE_OBJC_ARC = YES;
				CLANG_ENABLE_OBJC_WEAK = YES;
				CLANG_WARN_BLOCK_CAPTURE_AUTORELEASING = YES;
				CLANG_WARN_BOOL_CONVERSION = YES;
				CLANG_WARN_COMMA = YES;
				CLANG_WARN_CONSTANT_CONVERSION = YES;
				CLANG_WARN_DEPRECATED_OBJC_IMPLEMENTATIONS = YES;
				CLANG_WARN_DIRECT_OBJC_ISA_USAGE = YES_ERROR;
				CLANG_WARN_DOCUMENTATION_COMMENTS = YES;
				CLANG_WARN_EMPTY_BODY = YES;
				CLANG_WARN_ENUM_CONVERSION = YES;
				CLANG_WARN_INFINITE_RECURSION = YES;
				CLANG_WARN_INT_CONVERSION = YES;
				CLANG_WARN_NON_LITERAL_NULL_CONVERSION = YES;
				CLANG_WARN_OBJC_IMPLICIT_RETAIN_SELF = YES;
				CLANG_WARN_OBJC_LITERAL_CONVERSION = YES;
				CLANG_WARN_OBJC_ROOT_CLASS = YES_ERROR;
				CLANG_WARN_QUOTED_INCLUDE_IN_FRAMEWORK_HEADER = YES;
				CLANG_WARN_RANGE_LOOP_ANALYSIS = YES;
				CLANG_WARN_STRICT_PROTOTYPES = YES;
				CLANG_WARN_SUSPICIOUS_MOVE = YES;
				CLANG_WARN_UNGUARDED_AVAILABILITY = YES_AGGRESSIVE;
				CLANG_WARN_UNREACHABLE_CODE = YES;
				CLANG_WARN__DUPLICATE_METHOD_MATCH = YES;
				COPY_PHASE_STRIP = NO;
				DEBUG_INFORMATION_FORMAT = "dwarf-with-dsym";
				ENABLE_NS_ASSERTIONS = NO;
				ENABLE_STRICT_OBJC_MSGSEND = YES;
				GCC_C_LANGUAGE_STANDARD = gnu11;
				GCC_NO_COMMON_BLOCKS = YES;
				GCC_WARN_64_TO_32_BIT_CONVERSION = YES;
				GCC_WARN_ABOUT_RETURN_TYPE = YES_ERROR;
				GCC_WARN_UNDECLARED_SELECTOR = YES;
				GCC_WARN_UNINITIALIZED_AUTOS = YES_AGGRESSIVE;
				GCC_WARN_UNUSED_FUNCTION = YES;
				GCC_WARN_UNUSED_VARIABLE = YES;
				IPHONEOS_DEPLOYMENT_TARGET = 16.4;
				MTL_ENABLE_DEBUG_INFO = NO;
				MTL_FAST_MATH = YES;
				SDKROOT = iphoneos;
				SWIFT_COMPILATION_MODE = wholemodule;
				SWIFT_OPTIMIZATION_LEVEL = "-O";
				VALIDATE_PRODUCT = YES;
			};
			name = Release;
		};
		A303BA1D2A3FC5C8006A2B3E /* Debug */ = {
			isa = XCBuildConfiguration;
			buildSettings = {
				ASSETCATALOG_COMPILER_APPICON_NAME = AppIcon;
				ASSETCATALOG_COMPILER_GLOBAL_ACCENT_COLOR_NAME = AccentColor;
				CODE_SIGN_STYLE = Automatic;
				CURRENT_PROJECT_VERSION = 1;
				DEVELOPMENT_ASSET_PATHS = "\"icu001/Preview Content\"";
				DEVELOPMENT_TEAM = CHKKL3F5MG;
				ENABLE_PREVIEWS = YES;
				GENERATE_INFOPLIST_FILE = YES;
				INFOPLIST_KEY_NSMicrophoneUsageDescription = "Audio is recorded to transcribe the meeting. Audio recordings are discarded after transcription.";
				INFOPLIST_KEY_NSSpeechRecognitionUsageDescription = "You can view a text transcription of your meeting in the app.";
				INFOPLIST_KEY_UIApplicationSceneManifest_Generation = YES;
				INFOPLIST_KEY_UIApplicationSupportsIndirectInputEvents = YES;
				INFOPLIST_KEY_UILaunchScreen_Generation = YES;
				INFOPLIST_KEY_UISupportedInterfaceOrientations_iPad = "UIInterfaceOrientationPortrait UIInterfaceOrientationPortraitUpsideDown UIInterfaceOrientationLandscapeLeft UIInterfaceOrientationLandscapeRight";
				INFOPLIST_KEY_UISupportedInterfaceOrientations_iPhone = "UIInterfaceOrientationPortrait UIInterfaceOrientationLandscapeLeft UIInterfaceOrientationLandscapeRight";
				LD_RUNPATH_SEARCH_PATHS = (
					"$(inherited)",
					"@executable_path/Frameworks",
				);
				MARKETING_VERSION = 1.0;
				PRODUCT_BUNDLE_IDENTIFIER = com.ccooddiinngg.icu001;
				PRODUCT_NAME = "$(TARGET_NAME)";
				SWIFT_EMIT_LOC_STRINGS = YES;
				SWIFT_VERSION = 5.0;
				TARGETED_DEVICE_FAMILY = "1,2";
			};
			name = Debug;
		};
		A303BA1E2A3FC5C8006A2B3E /* Release */ = {
			isa = XCBuildConfiguration;
			buildSettings = {
				ASSETCATALOG_COMPILER_APPICON_NAME = AppIcon;
				ASSETCATALOG_COMPILER_GLOBAL_ACCENT_COLOR_NAME = AccentColor;
				CODE_SIGN_STYLE = Automatic;
				CURRENT_PROJECT_VERSION = 1;
				DEVELOPMENT_ASSET_PATHS = "\"icu001/Preview Content\"";
				DEVELOPMENT_TEAM = CHKKL3F5MG;
				ENABLE_PREVIEWS = YES;
				GENERATE_INFOPLIST_FILE = YES;
				INFOPLIST_KEY_NSMicrophoneUsageDescription = "Audio is recorded to transcribe the meeting. Audio recordings are discarded after transcription.";
				INFOPLIST_KEY_NSSpeechRecognitionUsageDescription = "You can view a text transcription of your meeting in the app.";
				INFOPLIST_KEY_UIApplicationSceneManifest_Generation = YES;
				INFOPLIST_KEY_UIApplicationSupportsIndirectInputEvents = YES;
				INFOPLIST_KEY_UILaunchScreen_Generation = YES;
				INFOPLIST_KEY_UISupportedInterfaceOrientations_iPad = "UIInterfaceOrientationPortrait UIInterfaceOrientationPortraitUpsideDown UIInterfaceOrientationLandscapeLeft UIInterfaceOrientationLandscapeRight";
				INFOPLIST_KEY_UISupportedInterfaceOrientations_iPhone = "UIInterfaceOrientationPortrait UIInterfaceOrientationLandscapeLeft UIInterfaceOrientationLandscapeRight";
				LD_RUNPATH_SEARCH_PATHS = (
					"$(inherited)",
					"@executable_path/Frameworks",
				);
				MARKETING_VERSION = 1.0;
				PRODUCT_BUNDLE_IDENTIFIER = com.ccooddiinngg.icu001;
				PRODUCT_NAME = "$(TARGET_NAME)";
				SWIFT_EMIT_LOC_STRINGS = YES;
				SWIFT_VERSION = 5.0;
				TARGETED_DEVICE_FAMILY = "1,2";
			};
			name = Release;
		};
/* End XCBuildConfiguration section */

/* Begin XCConfigurationList section */
		A303BA092A3FC5C6006A2B3E /* Build configuration list for PBXProject "icu001" */ = {
			isa = XCConfigurationList;
			buildConfigurations = (
				A303BA1A2A3FC5C8006A2B3E /* Debug */,
				A303BA1B2A3FC5C8006A2B3E /* Release */,
			);
			defaultConfigurationIsVisible = 0;
			defaultConfigurationName = Release;
		};
		A303BA1C2A3FC5C8006A2B3E /* Build configuration list for PBXNativeTarget "icu001" */ = {
			isa = XCConfigurationList;
			buildConfigurations = (
				A303BA1D2A3FC5C8006A2B3E /* Debug */,
				A303BA1E2A3FC5C8006A2B3E /* Release */,
			);
			defaultConfigurationIsVisible = 0;
			defaultConfigurationName = Release;
		};
/* End XCConfigurationList section */
	};
	rootObject = A303BA062A3FC5C6006A2B3E /* Project object */;
}
